// !$*UTF8*$!
{
	archiveVersion = 1;
	classes = {
	};
	objectVersion = 50;
	objects = {

/* Begin PBXBuildFile section */
		967CE3A425407E42005BAC4F /* AppDelegate.swift in Sources */ = {isa = PBXBuildFile; fileRef = 967CE3A325407E42005BAC4F /* AppDelegate.swift */; };
		967CE3A625407E42005BAC4F /* SceneDelegate.swift in Sources */ = {isa = PBXBuildFile; fileRef = 967CE3A525407E42005BAC4F /* SceneDelegate.swift */; };
		967CE3A825407E42005BAC4F /* ViewController.swift in Sources */ = {isa = PBXBuildFile; fileRef = 967CE3A725407E42005BAC4F /* ViewController.swift */; };
		967CE3AB25407E42005BAC4F /* Main.storyboard in Resources */ = {isa = PBXBuildFile; fileRef = 967CE3A925407E42005BAC4F /* Main.storyboard */; };
		967CE3AD25407E42005BAC4F /* Assets.xcassets in Resources */ = {isa = PBXBuildFile; fileRef = 967CE3AC25407E42005BAC4F /* Assets.xcassets */; };
		967CE3B025407E42005BAC4F /* LaunchScreen.storyboard in Resources */ = {isa = PBXBuildFile; fileRef = 967CE3AE25407E42005BAC4F /* LaunchScreen.storyboard */; };
		967CE3BA2540883C005BAC4F /* alarm.mp3 in Resources */ = {isa = PBXBuildFile; fileRef = 967CE3B92540883C005BAC4F /* alarm.mp3 */; };
/* End PBXBuildFile section */

/* Begin PBXFileReference section */
		967CE3A025407E42005BAC4F /* temporizadorFinal.app */ = {isa = PBXFileReference; explicitFileType = wrapper.application; includeInIndex = 0; path = temporizadorFinal.app; sourceTree = BUILT_PRODUCTS_DIR; };
		967CE3A325407E42005BAC4F /* AppDelegate.swift */ = {isa = PBXFileReference; lastKnownFileType = sourcecode.swift; path = AppDelegate.swift; sourceTree = "<group>"; };
		967CE3A525407E42005BAC4F /* SceneDelegate.swift */ = {isa = PBXFileReference; lastKnownFileType = sourcecode.swift; path = SceneDelegate.swift; sourceTree = "<group>"; };
		967CE3A725407E42005BAC4F /* ViewController.swift */ = {isa = PBXFileReference; lastKnownFileType = sourcecode.swift; path = ViewController.swift; sourceTree = "<group>"; };
		967CE3AA25407E42005BAC4F /* Base */ = {isa = PBXFileReference; lastKnownFileType = file.storyboard; name = Base; path = Base.lproj/Main.storyboard; sourceTree = "<group>"; };
		967CE3AC25407E42005BAC4F /* Assets.xcassets */ = {isa = PBXFileReference; lastKnownFileType = folder.assetcatalog; path = Assets.xcassets; sourceTree = "<group>"; };
		967CE3AF25407E42005BAC4F /* Base */ = {isa = PBXFileReference; lastKnownFileType = file.storyboard; name = Base; path = Base.lproj/LaunchScreen.storyboard; sourceTree = "<group>"; };
		967CE3B125407E42005BAC4F /* Info.plist */ = {isa = PBXFileReference; lastKnownFileType = text.plist.xml; path = Info.plist; sourceTree = "<group>"; };
		967CE3B92540883C005BAC4F /* alarm.mp3 */ = {isa = PBXFileReference; lastKnownFileType = audio.mp3; path = alarm.mp3; sourceTree = "<group>"; };
/* End PBXFileReference section */

/* Begin PBXFrameworksBuildPhase section */
		967CE39D25407E42005BAC4F /* Frameworks */ = {
			isa = PBXFrameworksBuildPhase;
			buildActionMask = 2147483647;
			files = (
			);
			runOnlyForDeploymentPostprocessing = 0;
		};
/* End PBXFrameworksBuildPhase section */

/* Begin PBXGroup section */
		967CE39725407E42005BAC4F = {
			isa = PBXGroup;
			children = (
				967CE3A225407E42005BAC4F /* temporizadorFinal */,
				967CE3A125407E42005BAC4F /* Products */,
			);
			sourceTree = "<group>";
		};
		967CE3A125407E42005BAC4F /* Products */ = {
			isa = PBXGroup;
			children = (
				967CE3A025407E42005BAC4F /* temporizadorFinal.app */,
			);
			name = Products;
			sourceTree = "<group>";
		};
		967CE3A225407E42005BAC4F /* temporizadorFinal */ = {
			isa = PBXGroup;
			children = (
				967CE3B825408701005BAC4F /* Sounds */,
				967CE3A325407E42005BAC4F /* AppDelegate.swift */,
				967CE3A525407E42005BAC4F /* SceneDelegate.swift */,
				967CE3A725407E42005BAC4F /* ViewController.swift */,
				967CE3A925407E42005BAC4F /* Main.storyboard */,
				967CE3AC25407E42005BAC4F /* Assets.xcassets */,
				967CE3AE25407E42005BAC4F /* LaunchScreen.storyboard */,
				967CE3B125407E42005BAC4F /* Info.plist */,
			);
			path = temporizadorFinal;
			sourceTree = "<group>";
		};
		967CE3B825408701005BAC4F /* Sounds */ = {
			isa = PBXGroup;
			children = (
				967CE3B92540883C005BAC4F /* alarm.mp3 */,
			);
			path = Sounds;
			sourceTree = "<group>";
		};
/* End PBXGroup section */

/* Begin PBXNativeTarget section */
		967CE39F25407E42005BAC4F /* temporizadorFinal */ = {
			isa = PBXNativeTarget;
			buildConfigurationList = 967CE3B425407E42005BAC4F /* Build configuration list for PBXNativeTarget "temporizadorFinal" */;
			buildPhases = (
				967CE39C25407E42005BAC4F /* Sources */,
				967CE39D25407E42005BAC4F /* Frameworks */,
				967CE39E25407E42005BAC4F /* Resources */,
			);
			buildRules = (
			);
			dependencies = (
			);
			name = temporizadorFinal;
			productName = temporizadorFinal;
			productReference = 967CE3A025407E42005BAC4F /* temporizadorFinal.app */;
			productType = "com.apple.product-type.application";
		};
/* End PBXNativeTarget section */

/* Begin PBXProject section */
		967CE39825407E42005BAC4F /* Project object */ = {
			isa = PBXProject;
			attributes = {
				LastSwiftUpdateCheck = 1200;
				LastUpgradeCheck = 1200;
				TargetAttributes = {
					967CE39F25407E42005BAC4F = {
						CreatedOnToolsVersion = 12.0.1;
					};
				};
			};
			buildConfigurationList = 967CE39B25407E42005BAC4F /* Build configuration list for PBXProject "temporizadorFinal" */;
			compatibilityVersion = "Xcode 9.3";
			developmentRegion = en;
			hasScannedForEncodings = 0;
			knownRegions = (
				en,
				Base,
			);
			mainGroup = 967CE39725407E42005BAC4F;
			productRefGroup = 967CE3A125407E42005BAC4F /* Products */;
			projectDirPath = "";
			projectRoot = "";
			targets = (
				967CE39F25407E42005BAC4F /* temporizadorFinal */,
			);
		};
/* End PBXProject section */

/* Begin PBXResourcesBuildPhase section */
		967CE39E25407E42005BAC4F /* Resources */ = {
			isa = PBXResourcesBuildPhase;
			buildActionMask = 2147483647;
			files = (
				967CE3BA2540883C005BAC4F /* alarm.mp3 in Resources */,
				967CE3B025407E42005BAC4F /* LaunchScreen.storyboard in Resources */,
				967CE3AD25407E42005BAC4F /* Assets.xcassets in Resources */,
				967CE3AB25407E42005BAC4F /* Main.storyboard in Resources */,
			);
			runOnlyForDeploymentPostprocessing = 0;
		};
/* End PBXResourcesBuildPhase section */

/* Begin PBXSourcesBuildPhase section */
		967CE39C25407E42005BAC4F /* Sources */ = {
			isa = PBXSourcesBuildPhase;
			buildActionMask = 2147483647;
			files = (
				967CE3A825407E42005BAC4F /* ViewController.swift in Sources */,
				967CE3A425407E42005BAC4F /* AppDelegate.swift in Sources */,
				967CE3A625407E42005BAC4F /* SceneDelegate.swift in Sources */,
			);
			runOnlyForDeploymentPostprocessing = 0;
		};
/* End PBXSourcesBuildPhase section */

/* Begin PBXVariantGroup section */
		967CE3A925407E42005BAC4F /* Main.storyboard */ = {
			isa = PBXVariantGroup;
			children = (
				967CE3AA25407E42005BAC4F /* Base */,
			);
			name = Main.storyboard;
			sourceTree = "<group>";
		};
		967CE3AE25407E42005BAC4F /* LaunchScreen.storyboard */ = {
			isa = PBXVariantGroup;
			children = (
				967CE3AF25407E42005BAC4F /* Base */,
			);
			name = LaunchScreen.storyboard;
			sourceTree = "<group>";
		};
/* End PBXVariantGroup section */

/* Begin XCBuildConfiguration section */
		967CE3B225407E42005BAC4F /* Debug */ = {
			isa = XCBuildConfiguration;
			buildSettings = {
				ALWAYS_SEARCH_USER_PATHS = NO;
				CLANG_ANALYZER_NONNULL = YES;
				CLANG_ANALYZER_NUMBER_OBJECT_CONVERSION = YES_AGGRESSIVE;
				CLANG_CXX_LANGUAGE_STANDARD = "gnu++14";
				CLANG_CXX_LIBRARY = "libc++";
				CLANG_ENABLE_MODULES = YES;
				CLANG_ENABLE_OBJC_ARC = YES;
				CLANG_ENABLE_OBJC_WEAK = YES;
				CLANG_WARN_BLOCK_CAPTURE_AUTORELEASING = YES;
				CLANG_WARN_BOOL_CONVERSION = YES;
				CLANG_WARN_COMMA = YES;
				CLANG_WARN_CONSTANT_CONVERSION = YES;
				CLANG_WARN_DEPRECATED_OBJC_IMPLEMENTATIONS = YES;
				CLANG_WARN_DIRECT_OBJC_ISA_USAGE = YES_ERROR;
				CLANG_WARN_DOCUMENTATION_COMMENTS = YES;
				CLANG_WARN_EMPTY_BODY = YES;
				CLANG_WARN_ENUM_CONVERSION = YES;
				CLANG_WARN_INFINITE_RECURSION = YES;
				CLANG_WARN_INT_CONVERSION = YES;
				CLANG_WARN_NON_LITERAL_NULL_CONVERSION = YES;
				CLANG_WARN_OBJC_IMPLICIT_RETAIN_SELF = YES;
				CLANG_WARN_OBJC_LITERAL_CONVERSION = YES;
				CLANG_WARN_OBJC_ROOT_CLASS = YES_ERROR;
				CLANG_WARN_QUOTED_INCLUDE_IN_FRAMEWORK_HEADER = YES;
				CLANG_WARN_RANGE_LOOP_ANALYSIS = YES;
				CLANG_WARN_STRICT_PROTOTYPES = YES;
				CLANG_WARN_SUSPICIOUS_MOVE = YES;
				CLANG_WARN_UNGUARDED_AVAILABILITY = YES_AGGRESSIVE;
				CLANG_WARN_UNREACHABLE_CODE = YES;
				CLANG_WARN__DUPLICATE_METHOD_MATCH = YES;
				COPY_PHASE_STRIP = NO;
				DEBUG_INFORMATION_FORMAT = dwarf;
				ENABLE_STRICT_OBJC_MSGSEND = YES;
				ENABLE_TESTABILITY = YES;
				GCC_C_LANGUAGE_STANDARD = gnu11;
				GCC_DYNAMIC_NO_PIC = NO;
				GCC_NO_COMMON_BLOCKS = YES;
				GCC_OPTIMIZATION_LEVEL = 0;
				GCC_PREPROCESSOR_DEFINITIONS = (
					"DEBUG=1",
					"$(inherited)",
				);
				GCC_WARN_64_TO_32_BIT_CONVERSION = YES;
				GCC_WARN_ABOUT_RETURN_TYPE = YES_ERROR;
				GCC_WARN_UNDECLARED_SELECTOR = YES;
				GCC_WARN_UNINITIALIZED_AUTOS = YES_AGGRESSIVE;
				GCC_WARN_UNUSED_FUNCTION = YES;
				GCC_WARN_UNUSED_VARIABLE = YES;
				IPHONEOS_DEPLOYMENT_TARGET = 14.0;
				MTL_ENABLE_DEBUG_INFO = INCLUDE_SOURCE;
				MTL_FAST_MATH = YES;
				ONLY_ACTIVE_ARCH = YES;
				SDKROOT = iphoneos;
				SWIFT_ACTIVE_COMPILATION_CONDITIONS = DEBUG;
				SWIFT_OPTIMIZATION_LEVEL = "-Onone";
			};
			name = Debug;
		};
		967CE3B325407E42005BAC4F /* Release */ = {
			isa = XCBuildConfiguration;
			buildSettings = {
				ALWAYS_SEARCH_USER_PATHS = NO;
				CLANG_ANALYZER_NONNULL = YES;
				CLANG_ANALYZER_NUMBER_OBJECT_CONVERSION = YES_AGGRESSIVE;
				CLANG_CXX_LANGUAGE_STANDARD = "gnu++14";
				CLANG_CXX_LIBRARY = "libc++";
				CLANG_ENABLE_MODULES = YES;
				CLANG_ENABLE_OBJC_ARC = YES;
				CLANG_ENABLE_OBJC_WEAK = YES;
				CLANG_WARN_BLOCK_CAPTURE_AUTORELEASING = YES;
				CLANG_WARN_BOOL_CONVERSION = YES;
				CLANG_WARN_COMMA = YES;
				CLANG_WARN_CONSTANT_CONVERSION = YES;
				CLANG_WARN_DEPRECATED_OBJC_IMPLEMENTATIONS = YES;
				CLANG_WARN_DIRECT_OBJC_ISA_USAGE = YES_ERROR;
				CLANG_WARN_DOCUMENTATION_COMMENTS = YES;
				CLANG_WARN_EMPTY_BODY = YES;
				CLANG_WARN_ENUM_CONVERSION = YES;
				CLANG_WARN_INFINITE_RECURSION = YES;
				CLANG_WARN_INT_CONVERSION = YES;
				CLANG_WARN_NON_LITERAL_NULL_CONVERSION = YES;
				CLANG_WARN_OBJC_IMPLICIT_RETAIN_SELF = YES;
				CLANG_WARN_OBJC_LITERAL_CONVERSION = YES;
				CLANG_WARN_OBJC_ROOT_CLASS = YES_ERROR;
				CLANG_WARN_QUOTED_INCLUDE_IN_FRAMEWORK_HEADER = YES;
				CLANG_WARN_RANGE_LOOP_ANALYSIS = YES;
				CLANG_WARN_STRICT_PROTOTYPES = YES;
				CLANG_WARN_SUSPICIOUS_MOVE = YES;
				CLANG_WARN_UNGUARDED_AVAILABILITY = YES_AGGRESSIVE;
				CLANG_WARN_UNREACHABLE_CODE = YES;
				CLANG_WARN__DUPLICATE_METHOD_MATCH = YES;
				COPY_PHASE_STRIP = NO;
				DEBUG_INFORMATION_FORMAT = "dwarf-with-dsym";
				ENABLE_NS_ASSERTIONS = NO;
				ENABLE_STRICT_OBJC_MSGSEND = YES;
				GCC_C_LANGUAGE_STANDARD = gnu11;
				GCC_NO_COMMON_BLOCKS = YES;
				GCC_WARN_64_TO_32_BIT_CONVERSION = YES;
				GCC_WARN_ABOUT_RETURN_TYPE = YES_ERROR;
				GCC_WARN_UNDECLARED_SELECTOR = YES;
				GCC_WARN_UNINITIALIZED_AUTOS = YES_AGGRESSIVE;
				GCC_WARN_UNUSED_FUNCTION = YES;
				GCC_WARN_UNUSED_VARIABLE = YES;
				IPHONEOS_DEPLOYMENT_TARGET = 14.0;
				MTL_ENABLE_DEBUG_INFO = NO;
				MTL_FAST_MATH = YES;
				SDKROOT = iphoneos;
				SWIFT_COMPILATION_MODE = wholemodule;
				SWIFT_OPTIMIZATION_LEVEL = "-O";
				VALIDATE_PRODUCT = YES;
			};
			name = Release;
		};
		967CE3B525407E42005BAC4F /* Debug */ = {
			isa = XCBuildConfiguration;
			buildSettings = {
				ASSETCATALOG_COMPILER_APPICON_NAME = AppIcon;
				ASSETCATALOG_COMPILER_GLOBAL_ACCENT_COLOR_NAME = AccentColor;
				CODE_SIGN_STYLE = Automatic;
				INFOPLIST_FILE = temporizadorFinal/Info.plist;
				LD_RUNPATH_SEARCH_PATHS = (
					"$(inherited)",
					"@executable_path/Frameworks",
				);
				PRODUCT_BUNDLE_IDENTIFIER = bamboo.marta.temporizadorFinal;
				PRODUCT_NAME = "$(TARGET_NAME)";
				SWIFT_VERSION = 5.0;
				TARGETED_DEVICE_FAMILY = "1,2";
			};
			name = Debug;
		};
		967CE3B625407E42005BAC4F /* Release */ = {
			isa = XCBuildConfiguration;
			buildSettings = {
				ASSETCATALOG_COMPILER_APPICON_NAME = AppIcon;
				ASSETCATALOG_COMPILER_GLOBAL_ACCENT_COLOR_NAME = AccentColor;
				CODE_SIGN_STYLE = Automatic;
				INFOPLIST_FILE = temporizadorFinal/Info.plist;
				LD_RUNPATH_SEARCH_PATHS = (
					"$(inherited)",
					"@executable_path/Frameworks",
				);
				PRODUCT_BUNDLE_IDENTIFIER = bamboo.marta.temporizadorFinal;
				PRODUCT_NAME = "$(TARGET_NAME)";
				SWIFT_VERSION = 5.0;
				TARGETED_DEVICE_FAMILY = "1,2";
			};
			name = Release;
		};
/* End XCBuildConfiguration section */

/* Begin XCConfigurationList section */
		967CE39B25407E42005BAC4F /* Build configuration list for PBXProject "temporizadorFinal" */ = {
			isa = XCConfigurationList;
			buildConfigurations = (
				967CE3B225407E42005BAC4F /* Debug */,
				967CE3B325407E42005BAC4F /* Release */,
			);
			defaultConfigurationIsVisible = 0;
			defaultConfigurationName = Release;
		};
		967CE3B425407E42005BAC4F /* Build configuration list for PBXNativeTarget "temporizadorFinal" */ = {
			isa = XCConfigurationList;
			buildConfigurations = (
				967CE3B525407E42005BAC4F /* Debug */,
				967CE3B625407E42005BAC4F /* Release */,
			);
			defaultConfigurationIsVisible = 0;
			defaultConfigurationName = Release;
		};
/* End XCConfigurationList section */
	};
	rootObject = 967CE39825407E42005BAC4F /* Project object */;
}
